
Microsoft Visual Studio Solution File, Format Version 12.00
# Visual Studio 2012
Project("{FAE04EC0-301F-11D3-BF4B-00C04F79EFBC}") = "SinTrafico", "SinTrafico.Xamarin\SinTrafico.csproj", "{3B832400-6157-4FE5-89CE-BAC106847395}"
EndProject
Project("{2150E333-8FDC-42A3-9474-1A3956D46DE8}") = "SinTrafico.Xamarin", "SinTrafico.Xamarin", "{F9E1EBA8-732F-4C0A-876F-08E60DA6E4E2}"
EndProject
Project("{FAE04EC0-301F-11D3-BF4B-00C04F79EFBC}") = "SinTrafico.Xamarin.Forms", "SinTrafico.Xamarin.Forms\SinTrafico.Xamarin.Forms.csproj", "{F3CFB76F-CE33-4BC9-BC00-B4E261EB32C7}"
EndProject
Project("{FAE04EC0-301F-11D3-BF4B-00C04F79EFBC}") = "SinTrafico.Xamarin.iOS", "SinTrafico.Xamarin.iOS\SinTrafico.Xamarin.iOS.csproj", "{9AF6B732-1A0E-4479-A801-FFC365C4D7CC}"
EndProject
Project("{FAE04EC0-301F-11D3-BF4B-00C04F79EFBC}") = "SinTrafico.Xamarin.Android", "SinTrafico.Xamarin.Android\SinTrafico.Xamarin.Android.csproj", "{1448F773-6275-44DE-BE50-16B736E77F2C}"
EndProject
Project("{FAE04EC0-301F-11D3-BF4B-00C04F79EFBC}") = "SinTrafico.Test", "SinTrafico.Test\SinTrafico.Test.csproj", "{4A9ACAE8-F584-44B9-95EA-63542B77B24A}"
EndProject
Project("{2150E333-8FDC-42A3-9474-1A3956D46DE8}") = "SinTrafico.Xamarin.Demo", "SinTrafico.Xamarin.Demo", "{05640D3E-3338-49A8-87B6-78F99B268F83}"
EndProject
Project("{FAE04EC0-301F-11D3-BF4B-00C04F79EFBC}") = "SinTrafico.Xamarin.Forms.Demo.iOS", "iOS\SinTrafico.Xamarin.Forms.Demo.iOS.csproj", "{7C76FAD1-703E-4297-9DFD-B5E4BA5EB9ED}"
EndProject
Project("{FAE04EC0-301F-11D3-BF4B-00C04F79EFBC}") = "SinTrafico.Xamarin.Forms.Demo.Droid", "Droid\SinTrafico.Xamarin.Forms.Demo.Droid.csproj", "{BC1E4A13-46BA-4F7A-84C7-2C464ECDF1E0}"
EndProject
Project("{FAE04EC0-301F-11D3-BF4B-00C04F79EFBC}") = "SinTrafico.Xamarin.Forms.Demo", "SinTrafico.Xamarin.Forms.Demo\SinTrafico.Xamarin.Forms.Demo.csproj", "{7DCF4C24-E254-421F-8D24-C4E11AFE803D}"
EndProject
Project("{D954291E-2A0B-460D-934E-DC6B0785DB48}") = "SinTrafico.Xamarin.Shared", "SinTrafico.Xamarin.Shared\SinTrafico.Xamarin.Shared.shproj", "{FF548BD1-B1C4-45AC-98EC-6F327D2C63EC}"
EndProject
Global
	GlobalSection(SolutionConfigurationPlatforms) = preSolution
		Debug|Any CPU = Debug|Any CPU
		Release|Any CPU = Release|Any CPU
		Debug|iPhoneSimulator = Debug|iPhoneSimulator
		Release|iPhone = Release|iPhone
		Release|iPhoneSimulator = Release|iPhoneSimulator
		Debug|iPhone = Debug|iPhone
	EndGlobalSection
	GlobalSection(ProjectConfigurationPlatforms) = postSolution
		{3B832400-6157-4FE5-89CE-BAC106847395}.Debug|Any CPU.ActiveCfg = Debug|Any CPU
		{3B832400-6157-4FE5-89CE-BAC106847395}.Debug|Any CPU.Build.0 = Debug|Any CPU
		{3B832400-6157-4FE5-89CE-BAC106847395}.Release|Any CPU.ActiveCfg = Release|Any CPU
		{3B832400-6157-4FE5-89CE-BAC106847395}.Release|Any CPU.Build.0 = Release|Any CPU
		{3B832400-6157-4FE5-89CE-BAC106847395}.Debug|iPhoneSimulator.ActiveCfg = Debug|Any CPU
		{3B832400-6157-4FE5-89CE-BAC106847395}.Debug|iPhoneSimulator.Build.0 = Debug|Any CPU
		{3B832400-6157-4FE5-89CE-BAC106847395}.Release|iPhone.ActiveCfg = Release|Any CPU
		{3B832400-6157-4FE5-89CE-BAC106847395}.Release|iPhone.Build.0 = Release|Any CPU
		{3B832400-6157-4FE5-89CE-BAC106847395}.Release|iPhoneSimulator.ActiveCfg = Release|Any CPU
		{3B832400-6157-4FE5-89CE-BAC106847395}.Release|iPhoneSimulator.Build.0 = Release|Any CPU
		{3B832400-6157-4FE5-89CE-BAC106847395}.Debug|iPhone.ActiveCfg = Debug|Any CPU
		{3B832400-6157-4FE5-89CE-BAC106847395}.Debug|iPhone.Build.0 = Debug|Any CPU
		{F3CFB76F-CE33-4BC9-BC00-B4E261EB32C7}.Debug|Any CPU.ActiveCfg = Debug|Any CPU
		{F3CFB76F-CE33-4BC9-BC00-B4E261EB32C7}.Debug|Any CPU.Build.0 = Debug|Any CPU
		{F3CFB76F-CE33-4BC9-BC00-B4E261EB32C7}.Release|Any CPU.ActiveCfg = Release|Any CPU
		{F3CFB76F-CE33-4BC9-BC00-B4E261EB32C7}.Release|Any CPU.Build.0 = Release|Any CPU
		{F3CFB76F-CE33-4BC9-BC00-B4E261EB32C7}.Debug|iPhoneSimulator.ActiveCfg = Debug|Any CPU
		{F3CFB76F-CE33-4BC9-BC00-B4E261EB32C7}.Debug|iPhoneSimulator.Build.0 = Debug|Any CPU
		{F3CFB76F-CE33-4BC9-BC00-B4E261EB32C7}.Release|iPhone.ActiveCfg = Release|Any CPU
		{F3CFB76F-CE33-4BC9-BC00-B4E261EB32C7}.Release|iPhone.Build.0 = Release|Any CPU
		{F3CFB76F-CE33-4BC9-BC00-B4E261EB32C7}.Release|iPhoneSimulator.ActiveCfg = Release|Any CPU
		{F3CFB76F-CE33-4BC9-BC00-B4E261EB32C7}.Release|iPhoneSimulator.Build.0 = Release|Any CPU
		{F3CFB76F-CE33-4BC9-BC00-B4E261EB32C7}.Debug|iPhone.ActiveCfg = Debug|Any CPU
		{F3CFB76F-CE33-4BC9-BC00-B4E261EB32C7}.Debug|iPhone.Build.0 = Debug|Any CPU
		{9AF6B732-1A0E-4479-A801-FFC365C4D7CC}.Debug|Any CPU.ActiveCfg = Debug|Any CPU
		{9AF6B732-1A0E-4479-A801-FFC365C4D7CC}.Debug|Any CPU.Build.0 = Debug|Any CPU
		{9AF6B732-1A0E-4479-A801-FFC365C4D7CC}.Release|Any CPU.ActiveCfg = Release|Any CPU
		{9AF6B732-1A0E-4479-A801-FFC365C4D7CC}.Release|Any CPU.Build.0 = Release|Any CPU
		{9AF6B732-1A0E-4479-A801-FFC365C4D7CC}.Debug|iPhoneSimulator.ActiveCfg = Debug|Any CPU
		{9AF6B732-1A0E-4479-A801-FFC365C4D7CC}.Debug|iPhoneSimulator.Build.0 = Debug|Any CPU
		{9AF6B732-1A0E-4479-A801-FFC365C4D7CC}.Release|iPhone.ActiveCfg = Release|Any CPU
		{9AF6B732-1A0E-4479-A801-FFC365C4D7CC}.Release|iPhone.Build.0 = Release|Any CPU
		{9AF6B732-1A0E-4479-A801-FFC365C4D7CC}.Release|iPhoneSimulator.ActiveCfg = Release|Any CPU
		{9AF6B732-1A0E-4479-A801-FFC365C4D7CC}.Release|iPhoneSimulator.Build.0 = Release|Any CPU
		{9AF6B732-1A0E-4479-A801-FFC365C4D7CC}.Debug|iPhone.ActiveCfg = Debug|Any CPU
		{9AF6B732-1A0E-4479-A801-FFC365C4D7CC}.Debug|iPhone.Build.0 = Debug|Any CPU
		{1448F773-6275-44DE-BE50-16B736E77F2C}.Debug|Any CPU.ActiveCfg = Debug|Any CPU
		{1448F773-6275-44DE-BE50-16B736E77F2C}.Debug|Any CPU.Build.0 = Debug|Any CPU
		{1448F773-6275-44DE-BE50-16B736E77F2C}.Release|Any CPU.ActiveCfg = Release|Any CPU
		{1448F773-6275-44DE-BE50-16B736E77F2C}.Release|Any CPU.Build.0 = Release|Any CPU
		{1448F773-6275-44DE-BE50-16B736E77F2C}.Debug|iPhoneSimulator.ActiveCfg = Debug|Any CPU
		{1448F773-6275-44DE-BE50-16B736E77F2C}.Debug|iPhoneSimulator.Build.0 = Debug|Any CPU
		{1448F773-6275-44DE-BE50-16B736E77F2C}.Release|iPhone.ActiveCfg = Release|Any CPU
		{1448F773-6275-44DE-BE50-16B736E77F2C}.Release|iPhone.Build.0 = Release|Any CPU
		{1448F773-6275-44DE-BE50-16B736E77F2C}.Release|iPhoneSimulator.ActiveCfg = Release|Any CPU
		{1448F773-6275-44DE-BE50-16B736E77F2C}.Release|iPhoneSimulator.Build.0 = Release|Any CPU
		{1448F773-6275-44DE-BE50-16B736E77F2C}.Debug|iPhone.ActiveCfg = Debug|Any CPU
		{1448F773-6275-44DE-BE50-16B736E77F2C}.Debug|iPhone.Build.0 = Debug|Any CPU
		{4A9ACAE8-F584-44B9-95EA-63542B77B24A}.Debug|Any CPU.ActiveCfg = Debug|Any CPU
		{4A9ACAE8-F584-44B9-95EA-63542B77B24A}.Debug|Any CPU.Build.0 = Debug|Any CPU
		{4A9ACAE8-F584-44B9-95EA-63542B77B24A}.Release|Any CPU.ActiveCfg = Release|Any CPU
		{4A9ACAE8-F584-44B9-95EA-63542B77B24A}.Release|Any CPU.Build.0 = Release|Any CPU
		{4A9ACAE8-F584-44B9-95EA-63542B77B24A}.Debug|iPhoneSimulator.ActiveCfg = Debug|Any CPU
		{4A9ACAE8-F584-44B9-95EA-63542B77B24A}.Debug|iPhoneSimulator.Build.0 = Debug|Any CPU
		{4A9ACAE8-F584-44B9-95EA-63542B77B24A}.Release|iPhone.ActiveCfg = Release|Any CPU
		{4A9ACAE8-F584-44B9-95EA-63542B77B24A}.Release|iPhone.Build.0 = Release|Any CPU
		{4A9ACAE8-F584-44B9-95EA-63542B77B24A}.Release|iPhoneSimulator.ActiveCfg = Release|Any CPU
		{4A9ACAE8-F584-44B9-95EA-63542B77B24A}.Release|iPhoneSimulator.Build.0 = Release|Any CPU
		{4A9ACAE8-F584-44B9-95EA-63542B77B24A}.Debug|iPhone.ActiveCfg = Debug|Any CPU
		{4A9ACAE8-F584-44B9-95EA-63542B77B24A}.Debug|iPhone.Build.0 = Debug|Any CPU
		{7C76FAD1-703E-4297-9DFD-B5E4BA5EB9ED}.Debug|Any CPU.ActiveCfg = Debug|iPhoneSimulator
		{7C76FAD1-703E-4297-9DFD-B5E4BA5EB9ED}.Debug|Any CPU.Build.0 = Debug|iPhoneSimulator
		{7C76FAD1-703E-4297-9DFD-B5E4BA5EB9ED}.Release|Any CPU.ActiveCfg = Release|iPhone
		{7C76FAD1-703E-4297-9DFD-B5E4BA5EB9ED}.Release|Any CPU.Build.0 = Release|iPhone
		{7C76FAD1-703E-4297-9DFD-B5E4BA5EB9ED}.Debug|iPhoneSimulator.ActiveCfg = Debug|iPhoneSimulator
		{7C76FAD1-703E-4297-9DFD-B5E4BA5EB9ED}.Debug|iPhoneSimulator.Build.0 = Debug|iPhoneSimulator
		{7C76FAD1-703E-4297-9DFD-B5E4BA5EB9ED}.Release|iPhone.ActiveCfg = Release|iPhone
		{7C76FAD1-703E-4297-9DFD-B5E4BA5EB9ED}.Release|iPhone.Build.0 = Release|iPhone
		{7C76FAD1-703E-4297-9DFD-B5E4BA5EB9ED}.Release|iPhoneSimulator.ActiveCfg = Release|iPhoneSimulator
		{7C76FAD1-703E-4297-9DFD-B5E4BA5EB9ED}.Release|iPhoneSimulator.Build.0 = Release|iPhoneSimulator
		{7C76FAD1-703E-4297-9DFD-B5E4BA5EB9ED}.Debug|iPhone.ActiveCfg = Debug|iPhone
		{7C76FAD1-703E-4297-9DFD-B5E4BA5EB9ED}.Debug|iPhone.Build.0 = Debug|iPhone
		{BC1E4A13-46BA-4F7A-84C7-2C464ECDF1E0}.Debug|Any CPU.ActiveCfg = Debug|Any CPU
		{BC1E4A13-46BA-4F7A-84C7-2C464ECDF1E0}.Debug|Any CPU.Build.0 = Debug|Any CPU
		{BC1E4A13-46BA-4F7A-84C7-2C464ECDF1E0}.Release|Any CPU.ActiveCfg = Release|Any CPU
		{BC1E4A13-46BA-4F7A-84C7-2C464ECDF1E0}.Release|Any CPU.Build.0 = Release|Any CPU
		{BC1E4A13-46BA-4F7A-84C7-2C464ECDF1E0}.Debug|iPhoneSimulator.ActiveCfg = Debug|Any CPU
		{BC1E4A13-46BA-4F7A-84C7-2C464ECDF1E0}.Debug|iPhoneSimulator.Build.0 = Debug|Any CPU
		{BC1E4A13-46BA-4F7A-84C7-2C464ECDF1E0}.Release|iPhone.ActiveCfg = Release|Any CPU
		{BC1E4A13-46BA-4F7A-84C7-2C464ECDF1E0}.Release|iPhone.Build.0 = Release|Any CPU
		{BC1E4A13-46BA-4F7A-84C7-2C464ECDF1E0}.Release|iPhoneSimulator.ActiveCfg = Release|Any CPU
		{BC1E4A13-46BA-4F7A-84C7-2C464ECDF1E0}.Release|iPhoneSimulator.Build.0 = Release|Any CPU
		{BC1E4A13-46BA-4F7A-84C7-2C464ECDF1E0}.Debug|iPhone.ActiveCfg = Debug|Any CPU
		{BC1E4A13-46BA-4F7A-84C7-2C464ECDF1E0}.Debug|iPhone.Build.0 = Debug|Any CPU
		{7DCF4C24-E254-421F-8D24-C4E11AFE803D}.Debug|Any CPU.ActiveCfg = Debug|Any CPU
		{7DCF4C24-E254-421F-8D24-C4E11AFE803D}.Debug|Any CPU.Build.0 = Debug|Any CPU
		{7DCF4C24-E254-421F-8D24-C4E11AFE803D}.Release|Any CPU.ActiveCfg = Release|Any CPU
		{7DCF4C24-E254-421F-8D24-C4E11AFE803D}.Release|Any CPU.Build.0 = Release|Any CPU
		{7DCF4C24-E254-421F-8D24-C4E11AFE803D}.Debug|iPhoneSimulator.ActiveCfg = Debug|Any CPU
		{7DCF4C24-E254-421F-8D24-C4E11AFE803D}.Debug|iPhoneSimulator.Build.0 = Debug|Any CPU
		{7DCF4C24-E254-421F-8D24-C4E11AFE803D}.Release|iPhone.ActiveCfg = Release|Any CPU
		{7DCF4C24-E254-421F-8D24-C4E11AFE803D}.Release|iPhone.Build.0 = Release|Any CPU
		{7DCF4C24-E254-421F-8D24-C4E11AFE803D}.Release|iPhoneSimulator.ActiveCfg = Release|Any CPU
		{7DCF4C24-E254-421F-8D24-C4E11AFE803D}.Release|iPhoneSimulator.Build.0 = Release|Any CPU
		{7DCF4C24-E254-421F-8D24-C4E11AFE803D}.Debug|iPhone.ActiveCfg = Debug|Any CPU
		{7DCF4C24-E254-421F-8D24-C4E11AFE803D}.Debug|iPhone.Build.0 = Debug|Any CPU
	EndGlobalSection
	GlobalSection(NestedProjects) = preSolution
		{F3CFB76F-CE33-4BC9-BC00-B4E261EB32C7} = {F9E1EBA8-732F-4C0A-876F-08E60DA6E4E2}
		{9AF6B732-1A0E-4479-A801-FFC365C4D7CC} = {F9E1EBA8-732F-4C0A-876F-08E60DA6E4E2}
		{1448F773-6275-44DE-BE50-16B736E77F2C} = {F9E1EBA8-732F-4C0A-876F-08E60DA6E4E2}
		{7C76FAD1-703E-4297-9DFD-B5E4BA5EB9ED} = {05640D3E-3338-49A8-87B6-78F99B268F83}
		{BC1E4A13-46BA-4F7A-84C7-2C464ECDF1E0} = {05640D3E-3338-49A8-87B6-78F99B268F83}
		{7DCF4C24-E254-421F-8D24-C4E11AFE803D} = {05640D3E-3338-49A8-87B6-78F99B268F83}
		{FF548BD1-B1C4-45AC-98EC-6F327D2C63EC} = {F9E1EBA8-732F-4C0A-876F-08E60DA6E4E2}
	EndGlobalSection
EndGlobal
