
Microsoft Visual Studio Solution File, Format Version 12.00
# Visual Studio 2012
Project("{2150E333-8FDC-42A3-9474-1A3956D46DE8}") = "SinTrafico.Xamarin", "SinTrafico.Xamarin", "{F9E1EBA8-732F-4C0A-876F-08E60DA6E4E2}"
EndProject
Project("{FAE04EC0-301F-11D3-BF4B-00C04F79EFBC}") = "SinTrafico.Xamarin.iOS", "SinTrafico.Xamarin.iOS\SinTrafico.Xamarin.iOS.csproj", "{9AF6B732-1A0E-4479-A801-FFC365C4D7CC}"
EndProject
Project("{FAE04EC0-301F-11D3-BF4B-00C04F79EFBC}") = "SinTrafico.Xamarin.Android", "SinTrafico.Xamarin.Android\SinTrafico.Xamarin.Android.csproj", "{1448F773-6275-44DE-BE50-16B736E77F2C}"
EndProject
Project("{FAE04EC0-301F-11D3-BF4B-00C04F79EFBC}") = "SinTrafico.Test", "SinTrafico.Test\SinTrafico.Test.csproj", "{4A9ACAE8-F584-44B9-95EA-63542B77B24A}"
EndProject
Project("{2150E333-8FDC-42A3-9474-1A3956D46DE8}") = "SinTrafico.Xamarin.Demo", "SinTrafico.Xamarin.Demo", "{05640D3E-3338-49A8-87B6-78F99B268F83}"
EndProject
Project("{FAE04EC0-301F-11D3-BF4B-00C04F79EFBC}") = "SinTrafico.Xamarin.Forms.Demo.iOS", "iOS\SinTrafico.Xamarin.Forms.Demo.iOS.csproj", "{7C76FAD1-703E-4297-9DFD-B5E4BA5EB9ED}"
EndProject
Project("{FAE04EC0-301F-11D3-BF4B-00C04F79EFBC}") = "SinTrafico.Xamarin.Forms.Demo.Droid", "Droid\SinTrafico.Xamarin.Forms.Demo.Droid.csproj", "{BC1E4A13-46BA-4F7A-84C7-2C464ECDF1E0}"
EndProject
Project("{D954291E-2A0B-460D-934E-DC6B0785DB48}") = "SinTrafico.Xamarin.Shared", "SinTrafico.Xamarin.Shared\SinTrafico.Xamarin.Shared.shproj", "{FF548BD1-B1C4-45AC-98EC-6F327D2C63EC}"
EndProject
Project("{2150E333-8FDC-42A3-9474-1A3956D46DE8}") = "Nuget", "Nuget", "{7C0D45C6-321E-47DD-8D15-1CCFFDA26623}"
	ProjectSection(SolutionItems) = preProject
		nuget\SinTrafico.nuspec = nuget\SinTrafico.nuspec
		nuget\SinTrafico.Xamarin.Forms.nuspec = nuget\SinTrafico.Xamarin.Forms.nuspec
	EndProjectSection
EndProject
Project("{FAE04EC0-301F-11D3-BF4B-00C04F79EFBC}") = "SinTrafico", "SinTrafico\SinTrafico.csproj", "{6E71A64F-84D2-42F6-8CAB-F3D846D8482F}"
EndProject
Project("{FAE04EC0-301F-11D3-BF4B-00C04F79EFBC}") = "SinTrafico.Xamarin.Forms", "SinTrafico.Xamarin.Forms\SinTrafico.Xamarin.Forms.csproj", "{7A916330-9A32-452E-AF53-D050C93EE569}"
EndProject
Project("{FAE04EC0-301F-11D3-BF4B-00C04F79EFBC}") = "SinTrafico.Xamarin.Forms.Demo", "SinTrafico.Xamarin.Forms.Demo\SinTrafico.Xamarin.Forms.Demo.csproj", "{9603E83F-9797-4DC6-AC69-6B8012F9561E}"
EndProject
Project("{2150E333-8FDC-42A3-9474-1A3956D46DE8}") = "Bindings", "Bindings", "{1E089786-3FE5-4379-A049-95914BDF6D52}"
EndProject
Project("{FAE04EC0-301F-11D3-BF4B-00C04F79EFBC}") = "Android.Maps.Utils", "Android.Maps.Utils\Android.Maps.Utils.csproj", "{5EA6CBCA-7077-4B8B-AE2D-C111E7ADE774}"
EndProject
Global
	GlobalSection(SolutionConfigurationPlatforms) = preSolution
		Debug|Any CPU = Debug|Any CPU
		Release|Any CPU = Release|Any CPU
		Debug|iPhoneSimulator = Debug|iPhoneSimulator
		Release|iPhone = Release|iPhone
		Release|iPhoneSimulator = Release|iPhoneSimulator
		Debug|iPhone = Debug|iPhone
	EndGlobalSection
	GlobalSection(ProjectConfigurationPlatforms) = postSolution
		{9AF6B732-1A0E-4479-A801-FFC365C4D7CC}.Debug|Any CPU.ActiveCfg = Debug|Any CPU
		{9AF6B732-1A0E-4479-A801-FFC365C4D7CC}.Debug|Any CPU.Build.0 = Debug|Any CPU
		{9AF6B732-1A0E-4479-A801-FFC365C4D7CC}.Release|Any CPU.ActiveCfg = Release|Any CPU
		{9AF6B732-1A0E-4479-A801-FFC365C4D7CC}.Release|Any CPU.Build.0 = Release|Any CPU
		{9AF6B732-1A0E-4479-A801-FFC365C4D7CC}.Debug|iPhoneSimulator.ActiveCfg = Debug|Any CPU
		{9AF6B732-1A0E-4479-A801-FFC365C4D7CC}.Debug|iPhoneSimulator.Build.0 = Debug|Any CPU
		{9AF6B732-1A0E-4479-A801-FFC365C4D7CC}.Release|iPhone.ActiveCfg = Release|Any CPU
		{9AF6B732-1A0E-4479-A801-FFC365C4D7CC}.Release|iPhone.Build.0 = Release|Any CPU
		{9AF6B732-1A0E-4479-A801-FFC365C4D7CC}.Release|iPhoneSimulator.ActiveCfg = Release|Any CPU
		{9AF6B732-1A0E-4479-A801-FFC365C4D7CC}.Release|iPhoneSimulator.Build.0 = Release|Any CPU
		{9AF6B732-1A0E-4479-A801-FFC365C4D7CC}.Debug|iPhone.ActiveCfg = Debug|Any CPU
		{9AF6B732-1A0E-4479-A801-FFC365C4D7CC}.Debug|iPhone.Build.0 = Debug|Any CPU
		{1448F773-6275-44DE-BE50-16B736E77F2C}.Debug|Any CPU.ActiveCfg = Debug|Any CPU
		{1448F773-6275-44DE-BE50-16B736E77F2C}.Debug|Any CPU.Build.0 = Debug|Any CPU
		{1448F773-6275-44DE-BE50-16B736E77F2C}.Release|Any CPU.ActiveCfg = Release|Any CPU
		{1448F773-6275-44DE-BE50-16B736E77F2C}.Release|Any CPU.Build.0 = Release|Any CPU
		{1448F773-6275-44DE-BE50-16B736E77F2C}.Debug|iPhoneSimulator.ActiveCfg = Debug|Any CPU
		{1448F773-6275-44DE-BE50-16B736E77F2C}.Debug|iPhoneSimulator.Build.0 = Debug|Any CPU
		{1448F773-6275-44DE-BE50-16B736E77F2C}.Release|iPhone.ActiveCfg = Release|Any CPU
		{1448F773-6275-44DE-BE50-16B736E77F2C}.Release|iPhone.Build.0 = Release|Any CPU
		{1448F773-6275-44DE-BE50-16B736E77F2C}.Release|iPhoneSimulator.ActiveCfg = Release|Any CPU
		{1448F773-6275-44DE-BE50-16B736E77F2C}.Release|iPhoneSimulator.Build.0 = Release|Any CPU
		{1448F773-6275-44DE-BE50-16B736E77F2C}.Debug|iPhone.ActiveCfg = Debug|Any CPU
		{1448F773-6275-44DE-BE50-16B736E77F2C}.Debug|iPhone.Build.0 = Debug|Any CPU
		{4A9ACAE8-F584-44B9-95EA-63542B77B24A}.Debug|Any CPU.ActiveCfg = Debug|Any CPU
		{4A9ACAE8-F584-44B9-95EA-63542B77B24A}.Debug|Any CPU.Build.0 = Debug|Any CPU
		{4A9ACAE8-F584-44B9-95EA-63542B77B24A}.Release|Any CPU.ActiveCfg = Release|Any CPU
		{4A9ACAE8-F584-44B9-95EA-63542B77B24A}.Release|Any CPU.Build.0 = Release|Any CPU
		{4A9ACAE8-F584-44B9-95EA-63542B77B24A}.Debug|iPhoneSimulator.ActiveCfg = Debug|Any CPU
		{4A9ACAE8-F584-44B9-95EA-63542B77B24A}.Debug|iPhoneSimulator.Build.0 = Debug|Any CPU
		{4A9ACAE8-F584-44B9-95EA-63542B77B24A}.Release|iPhone.ActiveCfg = Release|Any CPU
		{4A9ACAE8-F584-44B9-95EA-63542B77B24A}.Release|iPhone.Build.0 = Release|Any CPU
		{4A9ACAE8-F584-44B9-95EA-63542B77B24A}.Release|iPhoneSimulator.ActiveCfg = Release|Any CPU
		{4A9ACAE8-F584-44B9-95EA-63542B77B24A}.Release|iPhoneSimulator.Build.0 = Release|Any CPU
		{4A9ACAE8-F584-44B9-95EA-63542B77B24A}.Debug|iPhone.ActiveCfg = Debug|Any CPU
		{4A9ACAE8-F584-44B9-95EA-63542B77B24A}.Debug|iPhone.Build.0 = Debug|Any CPU
		{7C76FAD1-703E-4297-9DFD-B5E4BA5EB9ED}.Debug|Any CPU.ActiveCfg = Debug|iPhoneSimulator
		{7C76FAD1-703E-4297-9DFD-B5E4BA5EB9ED}.Debug|Any CPU.Build.0 = Debug|iPhoneSimulator
		{7C76FAD1-703E-4297-9DFD-B5E4BA5EB9ED}.Release|Any CPU.ActiveCfg = Release|iPhone
		{7C76FAD1-703E-4297-9DFD-B5E4BA5EB9ED}.Release|Any CPU.Build.0 = Release|iPhone
		{7C76FAD1-703E-4297-9DFD-B5E4BA5EB9ED}.Debug|iPhoneSimulator.ActiveCfg = Debug|iPhoneSimulator
		{7C76FAD1-703E-4297-9DFD-B5E4BA5EB9ED}.Debug|iPhoneSimulator.Build.0 = Debug|iPhoneSimulator
		{7C76FAD1-703E-4297-9DFD-B5E4BA5EB9ED}.Release|iPhone.ActiveCfg = Release|iPhone
		{7C76FAD1-703E-4297-9DFD-B5E4BA5EB9ED}.Release|iPhone.Build.0 = Release|iPhone
		{7C76FAD1-703E-4297-9DFD-B5E4BA5EB9ED}.Release|iPhoneSimulator.ActiveCfg = Release|iPhoneSimulator
		{7C76FAD1-703E-4297-9DFD-B5E4BA5EB9ED}.Release|iPhoneSimulator.Build.0 = Release|iPhoneSimulator
		{7C76FAD1-703E-4297-9DFD-B5E4BA5EB9ED}.Debug|iPhone.ActiveCfg = Debug|iPhone
		{7C76FAD1-703E-4297-9DFD-B5E4BA5EB9ED}.Debug|iPhone.Build.0 = Debug|iPhone
		{BC1E4A13-46BA-4F7A-84C7-2C464ECDF1E0}.Debug|Any CPU.ActiveCfg = Debug|Any CPU
		{BC1E4A13-46BA-4F7A-84C7-2C464ECDF1E0}.Debug|Any CPU.Build.0 = Debug|Any CPU
		{BC1E4A13-46BA-4F7A-84C7-2C464ECDF1E0}.Release|Any CPU.ActiveCfg = Release|Any CPU
		{BC1E4A13-46BA-4F7A-84C7-2C464ECDF1E0}.Release|Any CPU.Build.0 = Release|Any CPU
		{BC1E4A13-46BA-4F7A-84C7-2C464ECDF1E0}.Debug|iPhoneSimulator.ActiveCfg = Debug|Any CPU
		{BC1E4A13-46BA-4F7A-84C7-2C464ECDF1E0}.Debug|iPhoneSimulator.Build.0 = Debug|Any CPU
		{BC1E4A13-46BA-4F7A-84C7-2C464ECDF1E0}.Release|iPhone.ActiveCfg = Release|Any CPU
		{BC1E4A13-46BA-4F7A-84C7-2C464ECDF1E0}.Release|iPhone.Build.0 = Release|Any CPU
		{BC1E4A13-46BA-4F7A-84C7-2C464ECDF1E0}.Release|iPhoneSimulator.ActiveCfg = Release|Any CPU
		{BC1E4A13-46BA-4F7A-84C7-2C464ECDF1E0}.Release|iPhoneSimulator.Build.0 = Release|Any CPU
		{BC1E4A13-46BA-4F7A-84C7-2C464ECDF1E0}.Debug|iPhone.ActiveCfg = Debug|Any CPU
		{BC1E4A13-46BA-4F7A-84C7-2C464ECDF1E0}.Debug|iPhone.Build.0 = Debug|Any CPU
		{6E71A64F-84D2-42F6-8CAB-F3D846D8482F}.Debug|Any CPU.ActiveCfg = Debug|Any CPU
		{6E71A64F-84D2-42F6-8CAB-F3D846D8482F}.Debug|Any CPU.Build.0 = Debug|Any CPU
		{6E71A64F-84D2-42F6-8CAB-F3D846D8482F}.Release|Any CPU.ActiveCfg = Release|Any CPU
		{6E71A64F-84D2-42F6-8CAB-F3D846D8482F}.Release|Any CPU.Build.0 = Release|Any CPU
		{6E71A64F-84D2-42F6-8CAB-F3D846D8482F}.Debug|iPhoneSimulator.ActiveCfg = Debug|Any CPU
		{6E71A64F-84D2-42F6-8CAB-F3D846D8482F}.Debug|iPhoneSimulator.Build.0 = Debug|Any CPU
		{6E71A64F-84D2-42F6-8CAB-F3D846D8482F}.Release|iPhone.ActiveCfg = Release|Any CPU
		{6E71A64F-84D2-42F6-8CAB-F3D846D8482F}.Release|iPhone.Build.0 = Release|Any CPU
		{6E71A64F-84D2-42F6-8CAB-F3D846D8482F}.Release|iPhoneSimulator.ActiveCfg = Release|Any CPU
		{6E71A64F-84D2-42F6-8CAB-F3D846D8482F}.Release|iPhoneSimulator.Build.0 = Release|Any CPU
		{6E71A64F-84D2-42F6-8CAB-F3D846D8482F}.Debug|iPhone.ActiveCfg = Debug|Any CPU
		{6E71A64F-84D2-42F6-8CAB-F3D846D8482F}.Debug|iPhone.Build.0 = Debug|Any CPU
		{7A916330-9A32-452E-AF53-D050C93EE569}.Debug|Any CPU.ActiveCfg = Debug|Any CPU
		{7A916330-9A32-452E-AF53-D050C93EE569}.Debug|Any CPU.Build.0 = Debug|Any CPU
		{7A916330-9A32-452E-AF53-D050C93EE569}.Release|Any CPU.ActiveCfg = Release|Any CPU
		{7A916330-9A32-452E-AF53-D050C93EE569}.Release|Any CPU.Build.0 = Release|Any CPU
		{7A916330-9A32-452E-AF53-D050C93EE569}.Debug|iPhoneSimulator.ActiveCfg = Debug|Any CPU
		{7A916330-9A32-452E-AF53-D050C93EE569}.Debug|iPhoneSimulator.Build.0 = Debug|Any CPU
		{7A916330-9A32-452E-AF53-D050C93EE569}.Release|iPhone.ActiveCfg = Release|Any CPU
		{7A916330-9A32-452E-AF53-D050C93EE569}.Release|iPhone.Build.0 = Release|Any CPU
		{7A916330-9A32-452E-AF53-D050C93EE569}.Release|iPhoneSimulator.ActiveCfg = Release|Any CPU
		{7A916330-9A32-452E-AF53-D050C93EE569}.Release|iPhoneSimulator.Build.0 = Release|Any CPU
		{7A916330-9A32-452E-AF53-D050C93EE569}.Debug|iPhone.ActiveCfg = Debug|Any CPU
		{7A916330-9A32-452E-AF53-D050C93EE569}.Debug|iPhone.Build.0 = Debug|Any CPU
		{9603E83F-9797-4DC6-AC69-6B8012F9561E}.Debug|Any CPU.ActiveCfg = Debug|Any CPU
		{9603E83F-9797-4DC6-AC69-6B8012F9561E}.Debug|Any CPU.Build.0 = Debug|Any CPU
		{9603E83F-9797-4DC6-AC69-6B8012F9561E}.Release|Any CPU.ActiveCfg = Release|Any CPU
		{9603E83F-9797-4DC6-AC69-6B8012F9561E}.Release|Any CPU.Build.0 = Release|Any CPU
		{9603E83F-9797-4DC6-AC69-6B8012F9561E}.Debug|iPhoneSimulator.ActiveCfg = Debug|Any CPU
		{9603E83F-9797-4DC6-AC69-6B8012F9561E}.Debug|iPhoneSimulator.Build.0 = Debug|Any CPU
		{9603E83F-9797-4DC6-AC69-6B8012F9561E}.Release|iPhone.ActiveCfg = Release|Any CPU
		{9603E83F-9797-4DC6-AC69-6B8012F9561E}.Release|iPhone.Build.0 = Release|Any CPU
		{9603E83F-9797-4DC6-AC69-6B8012F9561E}.Release|iPhoneSimulator.ActiveCfg = Release|Any CPU
		{9603E83F-9797-4DC6-AC69-6B8012F9561E}.Release|iPhoneSimulator.Build.0 = Release|Any CPU
		{9603E83F-9797-4DC6-AC69-6B8012F9561E}.Debug|iPhone.ActiveCfg = Debug|Any CPU
		{9603E83F-9797-4DC6-AC69-6B8012F9561E}.Debug|iPhone.Build.0 = Debug|Any CPU
		{5EA6CBCA-7077-4B8B-AE2D-C111E7ADE774}.Debug|Any CPU.ActiveCfg = Debug|Any CPU
		{5EA6CBCA-7077-4B8B-AE2D-C111E7ADE774}.Debug|Any CPU.Build.0 = Debug|Any CPU
		{5EA6CBCA-7077-4B8B-AE2D-C111E7ADE774}.Release|Any CPU.ActiveCfg = Release|Any CPU
		{5EA6CBCA-7077-4B8B-AE2D-C111E7ADE774}.Release|Any CPU.Build.0 = Release|Any CPU
		{5EA6CBCA-7077-4B8B-AE2D-C111E7ADE774}.Debug|iPhoneSimulator.ActiveCfg = Debug|Any CPU
		{5EA6CBCA-7077-4B8B-AE2D-C111E7ADE774}.Debug|iPhoneSimulator.Build.0 = Debug|Any CPU
		{5EA6CBCA-7077-4B8B-AE2D-C111E7ADE774}.Release|iPhone.ActiveCfg = Release|Any CPU
		{5EA6CBCA-7077-4B8B-AE2D-C111E7ADE774}.Release|iPhone.Build.0 = Release|Any CPU
		{5EA6CBCA-7077-4B8B-AE2D-C111E7ADE774}.Release|iPhoneSimulator.ActiveCfg = Release|Any CPU
		{5EA6CBCA-7077-4B8B-AE2D-C111E7ADE774}.Release|iPhoneSimulator.Build.0 = Release|Any CPU
		{5EA6CBCA-7077-4B8B-AE2D-C111E7ADE774}.Debug|iPhone.ActiveCfg = Debug|Any CPU
		{5EA6CBCA-7077-4B8B-AE2D-C111E7ADE774}.Debug|iPhone.Build.0 = Debug|Any CPU
	EndGlobalSection
	GlobalSection(NestedProjects) = preSolution
		{9AF6B732-1A0E-4479-A801-FFC365C4D7CC} = {F9E1EBA8-732F-4C0A-876F-08E60DA6E4E2}
		{1448F773-6275-44DE-BE50-16B736E77F2C} = {F9E1EBA8-732F-4C0A-876F-08E60DA6E4E2}
		{7C76FAD1-703E-4297-9DFD-B5E4BA5EB9ED} = {05640D3E-3338-49A8-87B6-78F99B268F83}
		{BC1E4A13-46BA-4F7A-84C7-2C464ECDF1E0} = {05640D3E-3338-49A8-87B6-78F99B268F83}
		{FF548BD1-B1C4-45AC-98EC-6F327D2C63EC} = {F9E1EBA8-732F-4C0A-876F-08E60DA6E4E2}
		{7A916330-9A32-452E-AF53-D050C93EE569} = {F9E1EBA8-732F-4C0A-876F-08E60DA6E4E2}
		{9603E83F-9797-4DC6-AC69-6B8012F9561E} = {05640D3E-3338-49A8-87B6-78F99B268F83}
		{5EA6CBCA-7077-4B8B-AE2D-C111E7ADE774} = {1E089786-3FE5-4379-A049-95914BDF6D52}
	EndGlobalSection
EndGlobal
